// !$*UTF8*$!
{
	archiveVersion = 1;
	classes = {
	};
	objectVersion = 56;
	objects = {

/* Begin PBXBuildFile section */
		40F4537B2B524110D4DB5226 /* Pods_Todoey_Realm.framework in Frameworks */ = {isa = PBXBuildFile; fileRef = 3D965D8ED034A1D874B66586 /* Pods_Todoey_Realm.framework */; };
		B3A664ED296C06930033A6A0 /* AppDelegate.swift in Sources */ = {isa = PBXBuildFile; fileRef = B3A664EC296C06930033A6A0 /* AppDelegate.swift */; };
		B3A664EF296C06930033A6A0 /* SceneDelegate.swift in Sources */ = {isa = PBXBuildFile; fileRef = B3A664EE296C06930033A6A0 /* SceneDelegate.swift */; };
		B3A664F1296C06930033A6A0 /* ToDoTableViewController.swift in Sources */ = {isa = PBXBuildFile; fileRef = B3A664F0296C06930033A6A0 /* ToDoTableViewController.swift */; };
		B3A664F4296C06930033A6A0 /* Main.storyboard in Resources */ = {isa = PBXBuildFile; fileRef = B3A664F2296C06930033A6A0 /* Main.storyboard */; };
		B3A664F6296C06940033A6A0 /* Assets.xcassets in Resources */ = {isa = PBXBuildFile; fileRef = B3A664F5296C06940033A6A0 /* Assets.xcassets */; };
		B3A664F9296C06940033A6A0 /* LaunchScreen.storyboard in Resources */ = {isa = PBXBuildFile; fileRef = B3A664F7296C06940033A6A0 /* LaunchScreen.storyboard */; };
		B3A66506296C08DE0033A6A0 /* CategoryViewController.swift in Sources */ = {isa = PBXBuildFile; fileRef = B3A66505296C08DE0033A6A0 /* CategoryViewController.swift */; };
		B3C32334296CD57900F24B9D /* Item.swift in Sources */ = {isa = PBXBuildFile; fileRef = B3C32333296CD57900F24B9D /* Item.swift */; };
		B3C32336296D0F9400F24B9D /* Category.swift in Sources */ = {isa = PBXBuildFile; fileRef = B3C32335296D0F9400F24B9D /* Category.swift */; };
/* End PBXBuildFile section */

/* Begin PBXFileReference section */
		34C60DEC353A5CE865456AA1 /* Pods-Todoey-Realm.release.xcconfig */ = {isa = PBXFileReference; includeInIndex = 1; lastKnownFileType = text.xcconfig; name = "Pods-Todoey-Realm.release.xcconfig"; path = "Target Support Files/Pods-Todoey-Realm/Pods-Todoey-Realm.release.xcconfig"; sourceTree = "<group>"; };
		3D965D8ED034A1D874B66586 /* Pods_Todoey_Realm.framework */ = {isa = PBXFileReference; explicitFileType = wrapper.framework; includeInIndex = 0; path = Pods_Todoey_Realm.framework; sourceTree = BUILT_PRODUCTS_DIR; };
		4FEEF4713534AD3CEA332458 /* Pods-Todoey-Realm.debug.xcconfig */ = {isa = PBXFileReference; includeInIndex = 1; lastKnownFileType = text.xcconfig; name = "Pods-Todoey-Realm.debug.xcconfig"; path = "Target Support Files/Pods-Todoey-Realm/Pods-Todoey-Realm.debug.xcconfig"; sourceTree = "<group>"; };
		B3A664E9296C06930033A6A0 /* Todoey-Realm.app */ = {isa = PBXFileReference; explicitFileType = wrapper.application; includeInIndex = 0; path = "Todoey-Realm.app"; sourceTree = BUILT_PRODUCTS_DIR; };
		B3A664EC296C06930033A6A0 /* AppDelegate.swift */ = {isa = PBXFileReference; lastKnownFileType = sourcecode.swift; path = AppDelegate.swift; sourceTree = "<group>"; };
		B3A664EE296C06930033A6A0 /* SceneDelegate.swift */ = {isa = PBXFileReference; lastKnownFileType = sourcecode.swift; path = SceneDelegate.swift; sourceTree = "<group>"; };
		B3A664F0296C06930033A6A0 /* ToDoTableViewController.swift */ = {isa = PBXFileReference; lastKnownFileType = sourcecode.swift; path = ToDoTableViewController.swift; sourceTree = "<group>"; };
		B3A664F3296C06930033A6A0 /* Base */ = {isa = PBXFileReference; lastKnownFileType = file.storyboard; name = Base; path = Base.lproj/Main.storyboard; sourceTree = "<group>"; };
		B3A664F5296C06940033A6A0 /* Assets.xcassets */ = {isa = PBXFileReference; lastKnownFileType = folder.assetcatalog; path = Assets.xcassets; sourceTree = "<group>"; };
		B3A664F8296C06940033A6A0 /* Base */ = {isa = PBXFileReference; lastKnownFileType = file.storyboard; name = Base; path = Base.lproj/LaunchScreen.storyboard; sourceTree = "<group>"; };
		B3A664FA296C06940033A6A0 /* Info.plist */ = {isa = PBXFileReference; lastKnownFileType = text.plist.xml; path = Info.plist; sourceTree = "<group>"; };
		B3A66505296C08DE0033A6A0 /* CategoryViewController.swift */ = {isa = PBXFileReference; lastKnownFileType = sourcecode.swift; path = CategoryViewController.swift; sourceTree = "<group>"; };
		B3C32333296CD57900F24B9D /* Item.swift */ = {isa = PBXFileReference; lastKnownFileType = sourcecode.swift; path = Item.swift; sourceTree = "<group>"; };
		B3C32335296D0F9400F24B9D /* Category.swift */ = {isa = PBXFileReference; lastKnownFileType = sourcecode.swift; path = Category.swift; sourceTree = "<group>"; };
/* End PBXFileReference section */

/* Begin PBXFrameworksBuildPhase section */
		B3A664E6296C06930033A6A0 /* Frameworks */ = {
			isa = PBXFrameworksBuildPhase;
			buildActionMask = 2147483647;
			files = (
				40F4537B2B524110D4DB5226 /* Pods_Todoey_Realm.framework in Frameworks */,
			);
			runOnlyForDeploymentPostprocessing = 0;
		};
/* End PBXFrameworksBuildPhase section */

/* Begin PBXGroup section */
		17399014CE4FA53A9662BF02 /* Pods */ = {
			isa = PBXGroup;
			children = (
				4FEEF4713534AD3CEA332458 /* Pods-Todoey-Realm.debug.xcconfig */,
				34C60DEC353A5CE865456AA1 /* Pods-Todoey-Realm.release.xcconfig */,
			);
			path = Pods;
			sourceTree = "<group>";
		};
		76CAC441AE7B8453D44BB668 /* Frameworks */ = {
			isa = PBXGroup;
			children = (
				3D965D8ED034A1D874B66586 /* Pods_Todoey_Realm.framework */,
			);
			name = Frameworks;
			sourceTree = "<group>";
		};
		B3A664E0296C06930033A6A0 = {
			isa = PBXGroup;
			children = (
				B3A664EB296C06930033A6A0 /* Todoey-Realm */,
				B3A664EA296C06930033A6A0 /* Products */,
				17399014CE4FA53A9662BF02 /* Pods */,
				76CAC441AE7B8453D44BB668 /* Frameworks */,
			);
			sourceTree = "<group>";
		};
		B3A664EA296C06930033A6A0 /* Products */ = {
			isa = PBXGroup;
			children = (
				B3A664E9296C06930033A6A0 /* Todoey-Realm.app */,
			);
			name = Products;
			sourceTree = "<group>";
		};
		B3A664EB296C06930033A6A0 /* Todoey-Realm */ = {
			isa = PBXGroup;
			children = (
				B3A664FA296C06940033A6A0 /* Info.plist */,
				B3A664EC296C06930033A6A0 /* AppDelegate.swift */,
				B3A664EE296C06930033A6A0 /* SceneDelegate.swift */,
				B3A66502296C06F90033A6A0 /* Controllers */,
				B3C32332296CD55600F24B9D /* Data Model */,
				B3A66500296C06DD0033A6A0 /* Supporting Files */,
				B3A66501296C06EC0033A6A0 /* Views */,
			);
			path = "Todoey-Realm";
			sourceTree = "<group>";
		};
		B3A66500296C06DD0033A6A0 /* Supporting Files */ = {
			isa = PBXGroup;
			children = (
				B3A664F5296C06940033A6A0 /* Assets.xcassets */,
				B3A664F7296C06940033A6A0 /* LaunchScreen.storyboard */,
			);
			path = "Supporting Files";
			sourceTree = "<group>";
		};
		B3A66501296C06EC0033A6A0 /* Views */ = {
			isa = PBXGroup;
			children = (
				B3A664F2296C06930033A6A0 /* Main.storyboard */,
			);
			path = Views;
			sourceTree = "<group>";
		};
		B3A66502296C06F90033A6A0 /* Controllers */ = {
			isa = PBXGroup;
			children = (
				B3A664F0296C06930033A6A0 /* ToDoTableViewController.swift */,
				B3A66505296C08DE0033A6A0 /* CategoryViewController.swift */,
			);
			path = Controllers;
			sourceTree = "<group>";
		};
		B3C32332296CD55600F24B9D /* Data Model */ = {
			isa = PBXGroup;
			children = (
				B3C32333296CD57900F24B9D /* Item.swift */,
				B3C32335296D0F9400F24B9D /* Category.swift */,
			);
			path = "Data Model";
			sourceTree = "<group>";
		};
/* End PBXGroup section */

/* Begin PBXNativeTarget section */
		B3A664E8296C06930033A6A0 /* Todoey-Realm */ = {
			isa = PBXNativeTarget;
			buildConfigurationList = B3A664FD296C06940033A6A0 /* Build configuration list for PBXNativeTarget "Todoey-Realm" */;
			buildPhases = (
				52227BC3D656D1950A592403 /* [CP] Check Pods Manifest.lock */,
				B3A664E5296C06930033A6A0 /* Sources */,
				B3A664E6296C06930033A6A0 /* Frameworks */,
				B3A664E7296C06930033A6A0 /* Resources */,
				86C45CF56BF9BCCDA893FEBA /* [CP] Embed Pods Frameworks */,
			);
			buildRules = (
			);
			dependencies = (
			);
			name = "Todoey-Realm";
			productName = "Todoey-Realm";
			productReference = B3A664E9296C06930033A6A0 /* Todoey-Realm.app */;
			productType = "com.apple.product-type.application";
		};
/* End PBXNativeTarget section */

/* Begin PBXProject section */
		B3A664E1296C06930033A6A0 /* Project object */ = {
			isa = PBXProject;
			attributes = {
				BuildIndependentTargetsInParallel = 1;
				LastSwiftUpdateCheck = 1420;
				LastUpgradeCheck = 1420;
				TargetAttributes = {
					B3A664E8296C06930033A6A0 = {
						CreatedOnToolsVersion = 14.2;
					};
				};
			};
			buildConfigurationList = B3A664E4296C06930033A6A0 /* Build configuration list for PBXProject "Todoey-Realm" */;
			compatibilityVersion = "Xcode 14.0";
			developmentRegion = en;
			hasScannedForEncodings = 0;
			knownRegions = (
				en,
				Base,
			);
			mainGroup = B3A664E0296C06930033A6A0;
			productRefGroup = B3A664EA296C06930033A6A0 /* Products */;
			projectDirPath = "";
			projectRoot = "";
			targets = (
				B3A664E8296C06930033A6A0 /* Todoey-Realm */,
			);
		};
/* End PBXProject section */

/* Begin PBXResourcesBuildPhase section */
		B3A664E7296C06930033A6A0 /* Resources */ = {
			isa = PBXResourcesBuildPhase;
			buildActionMask = 2147483647;
			files = (
				B3A664F9296C06940033A6A0 /* LaunchScreen.storyboard in Resources */,
				B3A664F6296C06940033A6A0 /* Assets.xcassets in Resources */,
				B3A664F4296C06930033A6A0 /* Main.storyboard in Resources */,
			);
			runOnlyForDeploymentPostprocessing = 0;
		};
/* End PBXResourcesBuildPhase section */

/* Begin PBXShellScriptBuildPhase section */
		52227BC3D656D1950A592403 /* [CP] Check Pods Manifest.lock */ = {
			isa = PBXShellScriptBuildPhase;
			buildActionMask = 2147483647;
			files = (
			);
			inputFileListPaths = (
			);
			inputPaths = (
				"${PODS_PODFILE_DIR_PATH}/Podfile.lock",
				"${PODS_ROOT}/Manifest.lock",
			);
			name = "[CP] Check Pods Manifest.lock";
			outputFileListPaths = (
			);
			outputPaths = (
				"$(DERIVED_FILE_DIR)/Pods-Todoey-Realm-checkManifestLockResult.txt",
			);
			runOnlyForDeploymentPostprocessing = 0;
			shellPath = /bin/sh;
			shellScript = "diff \"${PODS_PODFILE_DIR_PATH}/Podfile.lock\" \"${PODS_ROOT}/Manifest.lock\" > /dev/null\nif [ $? != 0 ] ; then\n    # print error to STDERR\n    echo \"error: The sandbox is not in sync with the Podfile.lock. Run 'pod install' or update your CocoaPods installation.\" >&2\n    exit 1\nfi\n# This output is used by Xcode 'outputs' to avoid re-running this script phase.\necho \"SUCCESS\" > \"${SCRIPT_OUTPUT_FILE_0}\"\n";
			showEnvVarsInLog = 0;
		};
		86C45CF56BF9BCCDA893FEBA /* [CP] Embed Pods Frameworks */ = {
			isa = PBXShellScriptBuildPhase;
			buildActionMask = 2147483647;
			files = (
			);
			inputFileListPaths = (
				"${PODS_ROOT}/Target Support Files/Pods-Todoey-Realm/Pods-Todoey-Realm-frameworks-${CONFIGURATION}-input-files.xcfilelist",
			);
			name = "[CP] Embed Pods Frameworks";
			outputFileListPaths = (
				"${PODS_ROOT}/Target Support Files/Pods-Todoey-Realm/Pods-Todoey-Realm-frameworks-${CONFIGURATION}-output-files.xcfilelist",
			);
			runOnlyForDeploymentPostprocessing = 0;
			shellPath = /bin/sh;
			shellScript = "\"${PODS_ROOT}/Target Support Files/Pods-Todoey-Realm/Pods-Todoey-Realm-frameworks.sh\"\n";
			showEnvVarsInLog = 0;
		};
/* End PBXShellScriptBuildPhase section */

/* Begin PBXSourcesBuildPhase section */
		B3A664E5296C06930033A6A0 /* Sources */ = {
			isa = PBXSourcesBuildPhase;
			buildActionMask = 2147483647;
			files = (
				B3A66506296C08DE0033A6A0 /* CategoryViewController.swift in Sources */,
				B3C32334296CD57900F24B9D /* Item.swift in Sources */,
				B3A664F1296C06930033A6A0 /* ToDoTableViewController.swift in Sources */,
				B3A664ED296C06930033A6A0 /* AppDelegate.swift in Sources */,
				B3A664EF296C06930033A6A0 /* SceneDelegate.swift in Sources */,
				B3C32336296D0F9400F24B9D /* Category.swift in Sources */,
			);
			runOnlyForDeploymentPostprocessing = 0;
		};
/* End PBXSourcesBuildPhase section */

/* Begin PBXVariantGroup section */
		B3A664F2296C06930033A6A0 /* Main.storyboard */ = {
			isa = PBXVariantGroup;
			children = (
				B3A664F3296C06930033A6A0 /* Base */,
			);
			name = Main.storyboard;
			sourceTree = "<group>";
		};
		B3A664F7296C06940033A6A0 /* LaunchScreen.storyboard */ = {
			isa = PBXVariantGroup;
			children = (
				B3A664F8296C06940033A6A0 /* Base */,
			);
			name = LaunchScreen.storyboard;
			sourceTree = "<group>";
		};
/* End PBXVariantGroup section */

/* Begin XCBuildConfiguration section */
		B3A664FB296C06940033A6A0 /* Debug */ = {
			isa = XCBuildConfiguration;
			buildSettings = {
				ALWAYS_SEARCH_USER_PATHS = NO;
				CLANG_ANALYZER_NONNULL = YES;
				CLANG_ANALYZER_NUMBER_OBJECT_CONVERSION = YES_AGGRESSIVE;
				CLANG_CXX_LANGUAGE_STANDARD = "gnu++20";
				CLANG_ENABLE_MODULES = YES;
				CLANG_ENABLE_OBJC_ARC = YES;
				CLANG_ENABLE_OBJC_WEAK = YES;
				CLANG_WARN_BLOCK_CAPTURE_AUTORELEASING = YES;
				CLANG_WARN_BOOL_CONVERSION = YES;
				CLANG_WARN_COMMA = YES;
				CLANG_WARN_CONSTANT_CONVERSION = YES;
				CLANG_WARN_DEPRECATED_OBJC_IMPLEMENTATIONS = YES;
				CLANG_WARN_DIRECT_OBJC_ISA_USAGE = YES_ERROR;
				CLANG_WARN_DOCUMENTATION_COMMENTS = YES;
				CLANG_WARN_EMPTY_BODY = YES;
				CLANG_WARN_ENUM_CONVERSION = YES;
				CLANG_WARN_INFINITE_RECURSION = YES;
				CLANG_WARN_INT_CONVERSION = YES;
				CLANG_WARN_NON_LITERAL_NULL_CONVERSION = YES;
				CLANG_WARN_OBJC_IMPLICIT_RETAIN_SELF = YES;
				CLANG_WARN_OBJC_LITERAL_CONVERSION = YES;
				CLANG_WARN_OBJC_ROOT_CLASS = YES_ERROR;
				CLANG_WARN_QUOTED_INCLUDE_IN_FRAMEWORK_HEADER = YES;
				CLANG_WARN_RANGE_LOOP_ANALYSIS = YES;
				CLANG_WARN_STRICT_PROTOTYPES = YES;
				CLANG_WARN_SUSPICIOUS_MOVE = YES;
				CLANG_WARN_UNGUARDED_AVAILABILITY = YES_AGGRESSIVE;
				CLANG_WARN_UNREACHABLE_CODE = YES;
				CLANG_WARN__DUPLICATE_METHOD_MATCH = YES;
				COPY_PHASE_STRIP = NO;
				DEBUG_INFORMATION_FORMAT = dwarf;
				ENABLE_STRICT_OBJC_MSGSEND = YES;
				ENABLE_TESTABILITY = YES;
				GCC_C_LANGUAGE_STANDARD = gnu11;
				GCC_DYNAMIC_NO_PIC = NO;
				GCC_NO_COMMON_BLOCKS = YES;
				GCC_OPTIMIZATION_LEVEL = 0;
				GCC_PREPROCESSOR_DEFINITIONS = (
					"DEBUG=1",
					"$(inherited)",
				);
				GCC_WARN_64_TO_32_BIT_CONVERSION = YES;
				GCC_WARN_ABOUT_RETURN_TYPE = YES_ERROR;
				GCC_WARN_UNDECLARED_SELECTOR = YES;
				GCC_WARN_UNINITIALIZED_AUTOS = YES_AGGRESSIVE;
				GCC_WARN_UNUSED_FUNCTION = YES;
				GCC_WARN_UNUSED_VARIABLE = YES;
				IPHONEOS_DEPLOYMENT_TARGET = 14.0;
				MTL_ENABLE_DEBUG_INFO = INCLUDE_SOURCE;
				MTL_FAST_MATH = YES;
				ONLY_ACTIVE_ARCH = YES;
				SDKROOT = iphoneos;
				SWIFT_ACTIVE_COMPILATION_CONDITIONS = DEBUG;
				SWIFT_OPTIMIZATION_LEVEL = "-Onone";
			};
			name = Debug;
		};
		B3A664FC296C06940033A6A0 /* Release */ = {
			isa = XCBuildConfiguration;
			buildSettings = {
				ALWAYS_SEARCH_USER_PATHS = NO;
				CLANG_ANALYZER_NONNULL = YES;
				CLANG_ANALYZER_NUMBER_OBJECT_CONVERSION = YES_AGGRESSIVE;
				CLANG_CXX_LANGUAGE_STANDARD = "gnu++20";
				CLANG_ENABLE_MODULES = YES;
				CLANG_ENABLE_OBJC_ARC = YES;
				CLANG_ENABLE_OBJC_WEAK = YES;
				CLANG_WARN_BLOCK_CAPTURE_AUTORELEASING = YES;
				CLANG_WARN_BOOL_CONVERSION = YES;
				CLANG_WARN_COMMA = YES;
				CLANG_WARN_CONSTANT_CONVERSION = YES;
				CLANG_WARN_DEPRECATED_OBJC_IMPLEMENTATIONS = YES;
				CLANG_WARN_DIRECT_OBJC_ISA_USAGE = YES_ERROR;
				CLANG_WARN_DOCUMENTATION_COMMENTS = YES;
				CLANG_WARN_EMPTY_BODY = YES;
				CLANG_WARN_ENUM_CONVERSION = YES;
				CLANG_WARN_INFINITE_RECURSION = YES;
				CLANG_WARN_INT_CONVERSION = YES;
				CLANG_WARN_NON_LITERAL_NULL_CONVERSION = YES;
				CLANG_WARN_OBJC_IMPLICIT_RETAIN_SELF = YES;
				CLANG_WARN_OBJC_LITERAL_CONVERSION = YES;
				CLANG_WARN_OBJC_ROOT_CLASS = YES_ERROR;
				CLANG_WARN_QUOTED_INCLUDE_IN_FRAMEWORK_HEADER = YES;
				CLANG_WARN_RANGE_LOOP_ANALYSIS = YES;
				CLANG_WARN_STRICT_PROTOTYPES = YES;
				CLANG_WARN_SUSPICIOUS_MOVE = YES;
				CLANG_WARN_UNGUARDED_AVAILABILITY = YES_AGGRESSIVE;
				CLANG_WARN_UNREACHABLE_CODE = YES;
				CLANG_WARN__DUPLICATE_METHOD_MATCH = YES;
				COPY_PHASE_STRIP = NO;
				DEBUG_INFORMATION_FORMAT = "dwarf-with-dsym";
				ENABLE_NS_ASSERTIONS = NO;
				ENABLE_STRICT_OBJC_MSGSEND = YES;
				GCC_C_LANGUAGE_STANDARD = gnu11;
				GCC_NO_COMMON_BLOCKS = YES;
				GCC_WARN_64_TO_32_BIT_CONVERSION = YES;
				GCC_WARN_ABOUT_RETURN_TYPE = YES_ERROR;
				GCC_WARN_UNDECLARED_SELECTOR = YES;
				GCC_WARN_UNINITIALIZED_AUTOS = YES_AGGRESSIVE;
				GCC_WARN_UNUSED_FUNCTION = YES;
				GCC_WARN_UNUSED_VARIABLE = YES;
				IPHONEOS_DEPLOYMENT_TARGET = 14.0;
				MTL_ENABLE_DEBUG_INFO = NO;
				MTL_FAST_MATH = YES;
				SDKROOT = iphoneos;
				SWIFT_COMPILATION_MODE = wholemodule;
				SWIFT_OPTIMIZATION_LEVEL = "-O";
				VALIDATE_PRODUCT = YES;
			};
			name = Release;
		};
		B3A664FE296C06940033A6A0 /* Debug */ = {
			isa = XCBuildConfiguration;
			baseConfigurationReference = 4FEEF4713534AD3CEA332458 /* Pods-Todoey-Realm.debug.xcconfig */;
			buildSettings = {
				ASSETCATALOG_COMPILER_APPICON_NAME = AppIcon;
				ASSETCATALOG_COMPILER_GLOBAL_ACCENT_COLOR_NAME = AccentColor;
				CODE_SIGN_STYLE = Automatic;
				CURRENT_PROJECT_VERSION = 1;
				DEVELOPMENT_TEAM = DTR7V322S6;
				GENERATE_INFOPLIST_FILE = YES;
				INFOPLIST_FILE = "Todoey-Realm/Info.plist";
				INFOPLIST_KEY_UIApplicationSupportsIndirectInputEvents = YES;
				INFOPLIST_KEY_UILaunchStoryboardName = LaunchScreen;
				INFOPLIST_KEY_UIMainStoryboardFile = Main;
				INFOPLIST_KEY_UISupportedInterfaceOrientations_iPad = "UIInterfaceOrientationPortrait UIInterfaceOrientationPortraitUpsideDown UIInterfaceOrientationLandscapeLeft UIInterfaceOrientationLandscapeRight";
				INFOPLIST_KEY_UISupportedInterfaceOrientations_iPhone = "UIInterfaceOrientationPortrait UIInterfaceOrientationLandscapeLeft UIInterfaceOrientationLandscapeRight";
				IPHONEOS_DEPLOYMENT_TARGET = 14.0;
				LD_RUNPATH_SEARCH_PATHS = (
					"$(inherited)",
					"@executable_path/Frameworks",
				);
				MARKETING_VERSION = 1.0;
				PRODUCT_BUNDLE_IDENTIFIER = "com.corack.Todoey-Realm";
				PRODUCT_NAME = "$(TARGET_NAME)";
				SWIFT_EMIT_LOC_STRINGS = YES;
				SWIFT_VERSION = 5.0;
				TARGETED_DEVICE_FAMILY = "1,2";
			};
			name = Debug;
		};
		B3A664FF296C06940033A6A0 /* Release */ = {
			isa = XCBuildConfiguration;
			baseConfigurationReference = 34C60DEC353A5CE865456AA1 /* Pods-Todoey-Realm.release.xcconfig */;
			buildSettings = {
				ASSETCATALOG_COMPILER_APPICON_NAME = AppIcon;
				ASSETCATALOG_COMPILER_GLOBAL_ACCENT_COLOR_NAME = AccentColor;
				CODE_SIGN_STYLE = Automatic;
				CURRENT_PROJECT_VERSION = 1;
				DEVELOPMENT_TEAM = DTR7V322S6;
				GENERATE_INFOPLIST_FILE = YES;
				INFOPLIST_FILE = "Todoey-Realm/Info.plist";
				INFOPLIST_KEY_UIApplicationSupportsIndirectInputEvents = YES;
				INFOPLIST_KEY_UILaunchStoryboardName = LaunchScreen;
				INFOPLIST_KEY_UIMainStoryboardFile = Main;
				INFOPLIST_KEY_UISupportedInterfaceOrientations_iPad = "UIInterfaceOrientationPortrait UIInterfaceOrientationPortraitUpsideDown UIInterfaceOrientationLandscapeLeft UIInterfaceOrientationLandscapeRight";
				INFOPLIST_KEY_UISupportedInterfaceOrientations_iPhone = "UIInterfaceOrientationPortrait UIInterfaceOrientationLandscapeLeft UIInterfaceOrientationLandscapeRight";
				IPHONEOS_DEPLOYMENT_TARGET = 14.0;
				LD_RUNPATH_SEARCH_PATHS = (
					"$(inherited)",
					"@executable_path/Frameworks",
				);
				MARKETING_VERSION = 1.0;
				PRODUCT_BUNDLE_IDENTIFIER = "com.corack.Todoey-Realm";
				PRODUCT_NAME = "$(TARGET_NAME)";
				SWIFT_EMIT_LOC_STRINGS = YES;
				SWIFT_VERSION = 5.0;
				TARGETED_DEVICE_FAMILY = "1,2";
			};
			name = Release;
		};
/* End XCBuildConfiguration section */

/* Begin XCConfigurationList section */
		B3A664E4296C06930033A6A0 /* Build configuration list for PBXProject "Todoey-Realm" */ = {
			isa = XCConfigurationList;
			buildConfigurations = (
				B3A664FB296C06940033A6A0 /* Debug */,
				B3A664FC296C06940033A6A0 /* Release */,
			);
			defaultConfigurationIsVisible = 0;
			defaultConfigurationName = Release;
		};
		B3A664FD296C06940033A6A0 /* Build configuration list for PBXNativeTarget "Todoey-Realm" */ = {
			isa = XCConfigurationList;
			buildConfigurations = (
				B3A664FE296C06940033A6A0 /* Debug */,
				B3A664FF296C06940033A6A0 /* Release */,
			);
			defaultConfigurationIsVisible = 0;
			defaultConfigurationName = Release;
		};
/* End XCConfigurationList section */
	};
	rootObject = B3A664E1296C06930033A6A0 /* Project object */;
}
